// !$*UTF8*$!
{
	archiveVersion = 1;
	classes = {
	};
	objectVersion = 50;
	objects = {

/* Begin PBXBuildFile section */
		04009058222873F900EE84B1 /* LoginController.swift in Sources */ = {isa = PBXBuildFile; fileRef = 04009057222873F900EE84B1 /* LoginController.swift */; };
		0400905A2228744700EE84B1 /* LoginController.xib in Resources */ = {isa = PBXBuildFile; fileRef = 040090592228744700EE84B1 /* LoginController.xib */; };
		0400905D222874F700EE84B1 /* LoginViewModel.swift in Sources */ = {isa = PBXBuildFile; fileRef = 0400905C222874F700EE84B1 /* LoginViewModel.swift */; };
		0400906122287A0700EE84B1 /* KeyboardBehavior.swift in Sources */ = {isa = PBXBuildFile; fileRef = 0400906022287A0700EE84B1 /* KeyboardBehavior.swift */; };
		0400906422287CD400EE84B1 /* NetworkProvider.swift in Sources */ = {isa = PBXBuildFile; fileRef = 0400906322287CD400EE84B1 /* NetworkProvider.swift */; };
		0400906722287CF800EE84B1 /* AuthService.swift in Sources */ = {isa = PBXBuildFile; fileRef = 0400906622287CF800EE84B1 /* AuthService.swift */; };
		0400906A22287E3D00EE84B1 /* Config+Server.swift in Sources */ = {isa = PBXBuildFile; fileRef = 0400906922287E3D00EE84B1 /* Config+Server.swift */; };
		0400906C22287E7300EE84B1 /* Config+Flex.swift in Sources */ = {isa = PBXBuildFile; fileRef = 0400906B22287E7300EE84B1 /* Config+Flex.swift */; };
		040090702228802A00EE84B1 /* BaseViewController.swift in Sources */ = {isa = PBXBuildFile; fileRef = 0400906F2228802A00EE84B1 /* BaseViewController.swift */; };
		04328A3E2228712E00A69F12 /* AppDelegate.swift in Sources */ = {isa = PBXBuildFile; fileRef = 04328A3D2228712E00A69F12 /* AppDelegate.swift */; };
		04328A452228712F00A69F12 /* Assets.xcassets in Resources */ = {isa = PBXBuildFile; fileRef = 04328A442228712F00A69F12 /* Assets.xcassets */; };
		04328A482228712F00A69F12 /* LaunchScreen.storyboard in Resources */ = {isa = PBXBuildFile; fileRef = 04328A462228712F00A69F12 /* LaunchScreen.storyboard */; };
		6CC77A90029E267E36FFF55B /* Pods_Tasker.framework in Frameworks */ = {isa = PBXBuildFile; fileRef = E02964C80EC9A8EFE0FB03CD /* Pods_Tasker.framework */; };
/* End PBXBuildFile section */

/* Begin PBXFileReference section */
		04009057222873F900EE84B1 /* LoginController.swift */ = {isa = PBXFileReference; lastKnownFileType = sourcecode.swift; path = LoginController.swift; sourceTree = "<group>"; };
		040090592228744700EE84B1 /* LoginController.xib */ = {isa = PBXFileReference; lastKnownFileType = file.xib; path = LoginController.xib; sourceTree = "<group>"; };
		0400905C222874F700EE84B1 /* LoginViewModel.swift */ = {isa = PBXFileReference; lastKnownFileType = sourcecode.swift; path = LoginViewModel.swift; sourceTree = "<group>"; };
		0400906022287A0700EE84B1 /* KeyboardBehavior.swift */ = {isa = PBXFileReference; lastKnownFileType = sourcecode.swift; path = KeyboardBehavior.swift; sourceTree = "<group>"; };
		0400906322287CD400EE84B1 /* NetworkProvider.swift */ = {isa = PBXFileReference; lastKnownFileType = sourcecode.swift; path = NetworkProvider.swift; sourceTree = "<group>"; };
		0400906622287CF800EE84B1 /* AuthService.swift */ = {isa = PBXFileReference; lastKnownFileType = sourcecode.swift; path = AuthService.swift; sourceTree = "<group>"; };
		0400906922287E3D00EE84B1 /* Config+Server.swift */ = {isa = PBXFileReference; lastKnownFileType = sourcecode.swift; path = "Config+Server.swift"; sourceTree = "<group>"; };
		0400906B22287E7300EE84B1 /* Config+Flex.swift */ = {isa = PBXFileReference; lastKnownFileType = sourcecode.swift; path = "Config+Flex.swift"; sourceTree = "<group>"; };
		0400906F2228802A00EE84B1 /* BaseViewController.swift */ = {isa = PBXFileReference; lastKnownFileType = sourcecode.swift; path = BaseViewController.swift; sourceTree = "<group>"; };
		04328A3A2228712E00A69F12 /* Tasker.app */ = {isa = PBXFileReference; explicitFileType = wrapper.application; includeInIndex = 0; path = Tasker.app; sourceTree = BUILT_PRODUCTS_DIR; };
		04328A3D2228712E00A69F12 /* AppDelegate.swift */ = {isa = PBXFileReference; lastKnownFileType = sourcecode.swift; path = AppDelegate.swift; sourceTree = "<group>"; };
		04328A442228712F00A69F12 /* Assets.xcassets */ = {isa = PBXFileReference; lastKnownFileType = folder.assetcatalog; path = Assets.xcassets; sourceTree = "<group>"; };
		04328A472228712F00A69F12 /* Base */ = {isa = PBXFileReference; lastKnownFileType = file.storyboard; name = Base; path = Base.lproj/LaunchScreen.storyboard; sourceTree = "<group>"; };
		04328A492228712F00A69F12 /* Info.plist */ = {isa = PBXFileReference; lastKnownFileType = text.plist.xml; path = Info.plist; sourceTree = "<group>"; };
		329AF9F6D104E284A55B153B /* Pods-Tasker.debug.xcconfig */ = {isa = PBXFileReference; includeInIndex = 1; lastKnownFileType = text.xcconfig; name = "Pods-Tasker.debug.xcconfig"; path = "Target Support Files/Pods-Tasker/Pods-Tasker.debug.xcconfig"; sourceTree = "<group>"; };
		7C1D3BF4C2B117A005238BBB /* Pods-Tasker.release.xcconfig */ = {isa = PBXFileReference; includeInIndex = 1; lastKnownFileType = text.xcconfig; name = "Pods-Tasker.release.xcconfig"; path = "Target Support Files/Pods-Tasker/Pods-Tasker.release.xcconfig"; sourceTree = "<group>"; };
		E02964C80EC9A8EFE0FB03CD /* Pods_Tasker.framework */ = {isa = PBXFileReference; explicitFileType = wrapper.framework; includeInIndex = 0; path = Pods_Tasker.framework; sourceTree = BUILT_PRODUCTS_DIR; };
/* End PBXFileReference section */

/* Begin PBXFrameworksBuildPhase section */
		04328A372228712E00A69F12 /* Frameworks */ = {
			isa = PBXFrameworksBuildPhase;
			buildActionMask = 2147483647;
			files = (
				6CC77A90029E267E36FFF55B /* Pods_Tasker.framework in Frameworks */,
			);
			runOnlyForDeploymentPostprocessing = 0;
		};
/* End PBXFrameworksBuildPhase section */

/* Begin PBXGroup section */
		040090522228733700EE84B1 /* Controllers */ = {
			isa = PBXGroup;
			children = (
				04009056222873D200EE84B1 /* SignIn */,
			);
			path = Controllers;
			sourceTree = "<group>";
		};
		040090532228734300EE84B1 /* Resources */ = {
			isa = PBXGroup;
			children = (
				040090552228735C00EE84B1 /* LounchScreen */,
				040090542228734F00EE84B1 /* Images */,
			);
			path = Resources;
			sourceTree = "<group>";
		};
		040090542228734F00EE84B1 /* Images */ = {
			isa = PBXGroup;
			children = (
				04328A442228712F00A69F12 /* Assets.xcassets */,
			);
			path = Images;
			sourceTree = "<group>";
		};
		040090552228735C00EE84B1 /* LounchScreen */ = {
			isa = PBXGroup;
			children = (
				04328A462228712F00A69F12 /* LaunchScreen.storyboard */,
			);
			path = LounchScreen;
			sourceTree = "<group>";
		};
		04009056222873D200EE84B1 /* SignIn */ = {
			isa = PBXGroup;
			children = (
				0400905B222874E100EE84B1 /* ViewModel */,
				04009057222873F900EE84B1 /* LoginController.swift */,
				040090592228744700EE84B1 /* LoginController.xib */,
			);
			path = SignIn;
			sourceTree = "<group>";
		};
		0400905B222874E100EE84B1 /* ViewModel */ = {
			isa = PBXGroup;
			children = (
				0400905C222874F700EE84B1 /* LoginViewModel.swift */,
			);
			path = ViewModel;
			sourceTree = "<group>";
		};
		0400905E222879D800EE84B1 /* Classes */ = {
			isa = PBXGroup;
			children = (
				0400906E2228801800EE84B1 /* Base */,
				0400905F222879DE00EE84B1 /* Behaviors */,
				0400906222287B0800EE84B1 /* Networking */,
			);
			path = Classes;
			sourceTree = "<group>";
		};
		0400905F222879DE00EE84B1 /* Behaviors */ = {
			isa = PBXGroup;
			children = (
				0400906022287A0700EE84B1 /* KeyboardBehavior.swift */,
			);
			path = Behaviors;
			sourceTree = "<group>";
		};
		0400906222287B0800EE84B1 /* Networking */ = {
			isa = PBXGroup;
			children = (
				0400906522287CE600EE84B1 /* Services */,
				0400906322287CD400EE84B1 /* NetworkProvider.swift */,
			);
			path = Networking;
			sourceTree = "<group>";
		};
		0400906522287CE600EE84B1 /* Services */ = {
			isa = PBXGroup;
			children = (
				0400906622287CF800EE84B1 /* AuthService.swift */,
			);
			path = Services;
			sourceTree = "<group>";
		};
		0400906822287E1500EE84B1 /* Config */ = {
			isa = PBXGroup;
			children = (
				0400906B22287E7300EE84B1 /* Config+Flex.swift */,
				0400906922287E3D00EE84B1 /* Config+Server.swift */,
			);
			path = Config;
			sourceTree = "<group>";
		};
		0400906E2228801800EE84B1 /* Base */ = {
			isa = PBXGroup;
			children = (
				0400906F2228802A00EE84B1 /* BaseViewController.swift */,
			);
			path = Base;
			sourceTree = "<group>";
		};
		04328A312228712E00A69F12 = {
			isa = PBXGroup;
			children = (
				04328A3C2228712E00A69F12 /* Tasker */,
				04328A3B2228712E00A69F12 /* Products */,
				CF491B7B76DB875EC2D0F722 /* Pods */,
				FA058E10DA6AC078075AF22A /* Frameworks */,
			);
			sourceTree = "<group>";
		};
		04328A3B2228712E00A69F12 /* Products */ = {
			isa = PBXGroup;
			children = (
				04328A3A2228712E00A69F12 /* Tasker.app */,
			);
			name = Products;
			sourceTree = "<group>";
		};
		04328A3C2228712E00A69F12 /* Tasker */ = {
			isa = PBXGroup;
			children = (
				04328A3D2228712E00A69F12 /* AppDelegate.swift */,
				0400905E222879D800EE84B1 /* Classes */,
				0400906822287E1500EE84B1 /* Config */,
				040090522228733700EE84B1 /* Controllers */,
				04328A492228712F00A69F12 /* Info.plist */,
				040090532228734300EE84B1 /* Resources */,
			);
			path = Tasker;
			sourceTree = "<group>";
		};
		CF491B7B76DB875EC2D0F722 /* Pods */ = {
			isa = PBXGroup;
			children = (
				329AF9F6D104E284A55B153B /* Pods-Tasker.debug.xcconfig */,
				7C1D3BF4C2B117A005238BBB /* Pods-Tasker.release.xcconfig */,
			);
			path = Pods;
			sourceTree = "<group>";
		};
		FA058E10DA6AC078075AF22A /* Frameworks */ = {
			isa = PBXGroup;
			children = (
				E02964C80EC9A8EFE0FB03CD /* Pods_Tasker.framework */,
			);
			name = Frameworks;
			sourceTree = "<group>";
		};
/* End PBXGroup section */

/* Begin PBXNativeTarget section */
		04328A392228712E00A69F12 /* Tasker */ = {
			isa = PBXNativeTarget;
			buildConfigurationList = 04328A4C2228712F00A69F12 /* Build configuration list for PBXNativeTarget "Tasker" */;
			buildPhases = (
				77CF96A6C7EFF57E1C7A5E29 /* [CP] Check Pods Manifest.lock */,
				04328A362228712E00A69F12 /* Sources */,
				04328A372228712E00A69F12 /* Frameworks */,
				04328A382228712E00A69F12 /* Resources */,
				B595FC84B560E6F1905C2BC1 /* [CP] Embed Pods Frameworks */,
			);
			buildRules = (
			);
			dependencies = (
			);
			name = Tasker;
			productName = Tasker;
			productReference = 04328A3A2228712E00A69F12 /* Tasker.app */;
			productType = "com.apple.product-type.application";
		};
/* End PBXNativeTarget section */

/* Begin PBXProject section */
		04328A322228712E00A69F12 /* Project object */ = {
			isa = PBXProject;
			attributes = {
				LastSwiftUpdateCheck = 1010;
				LastUpgradeCheck = 1010;
				ORGANIZATIONNAME = "andrey rulev";
				TargetAttributes = {
					04328A392228712E00A69F12 = {
						CreatedOnToolsVersion = 10.1;
					};
				};
			};
			buildConfigurationList = 04328A352228712E00A69F12 /* Build configuration list for PBXProject "Tasker" */;
			compatibilityVersion = "Xcode 9.3";
			developmentRegion = en;
			hasScannedForEncodings = 0;
			knownRegions = (
				en,
				Base,
			);
			mainGroup = 04328A312228712E00A69F12;
			productRefGroup = 04328A3B2228712E00A69F12 /* Products */;
			projectDirPath = "";
			projectRoot = "";
			targets = (
				04328A392228712E00A69F12 /* Tasker */,
			);
		};
/* End PBXProject section */

/* Begin PBXResourcesBuildPhase section */
		04328A382228712E00A69F12 /* Resources */ = {
			isa = PBXResourcesBuildPhase;
			buildActionMask = 2147483647;
			files = (
				04328A482228712F00A69F12 /* LaunchScreen.storyboard in Resources */,
				0400905A2228744700EE84B1 /* LoginController.xib in Resources */,
				04328A452228712F00A69F12 /* Assets.xcassets in Resources */,
			);
			runOnlyForDeploymentPostprocessing = 0;
		};
/* End PBXResourcesBuildPhase section */

/* Begin PBXShellScriptBuildPhase section */
		77CF96A6C7EFF57E1C7A5E29 /* [CP] Check Pods Manifest.lock */ = {
			isa = PBXShellScriptBuildPhase;
			buildActionMask = 2147483647;
			files = (
			);
			inputFileListPaths = (
			);
			inputPaths = (
				"${PODS_PODFILE_DIR_PATH}/Podfile.lock",
				"${PODS_ROOT}/Manifest.lock",
			);
			name = "[CP] Check Pods Manifest.lock";
			outputFileListPaths = (
			);
			outputPaths = (
				"$(DERIVED_FILE_DIR)/Pods-Tasker-checkManifestLockResult.txt",
			);
			runOnlyForDeploymentPostprocessing = 0;
			shellPath = /bin/sh;
			shellScript = "diff \"${PODS_PODFILE_DIR_PATH}/Podfile.lock\" \"${PODS_ROOT}/Manifest.lock\" > /dev/null\nif [ $? != 0 ] ; then\n    # print error to STDERR\n    echo \"error: The sandbox is not in sync with the Podfile.lock. Run 'pod install' or update your CocoaPods installation.\" >&2\n    exit 1\nfi\n# This output is used by Xcode 'outputs' to avoid re-running this script phase.\necho \"SUCCESS\" > \"${SCRIPT_OUTPUT_FILE_0}\"\n";
			showEnvVarsInLog = 0;
		};
		B595FC84B560E6F1905C2BC1 /* [CP] Embed Pods Frameworks */ = {
			isa = PBXShellScriptBuildPhase;
			buildActionMask = 2147483647;
			files = (
			);
			inputFileListPaths = (
			);
			inputPaths = (
				"${PODS_ROOT}/Target Support Files/Pods-Tasker/Pods-Tasker-frameworks.sh",
				"${BUILT_PRODUCTS_DIR}/Alamofire/Alamofire.framework",
				"${BUILT_PRODUCTS_DIR}/FLEX/FLEX.framework",
				"${BUILT_PRODUCTS_DIR}/MBProgressHUD/MBProgressHUD.framework",
				"${BUILT_PRODUCTS_DIR}/Moya/Moya.framework",
				"${BUILT_PRODUCTS_DIR}/ReactiveCocoa/ReactiveCocoa.framework",
				"${BUILT_PRODUCTS_DIR}/ReactiveSwift/ReactiveSwift.framework",
				"${BUILT_PRODUCTS_DIR}/Result/Result.framework",
				"${BUILT_PRODUCTS_DIR}/SwiftKeychainWrapper/SwiftKeychainWrapper.framework",
			);
			name = "[CP] Embed Pods Frameworks";
			outputFileListPaths = (
			);
			outputPaths = (
				"${TARGET_BUILD_DIR}/${FRAMEWORKS_FOLDER_PATH}/Alamofire.framework",
				"${TARGET_BUILD_DIR}/${FRAMEWORKS_FOLDER_PATH}/FLEX.framework",
				"${TARGET_BUILD_DIR}/${FRAMEWORKS_FOLDER_PATH}/MBProgressHUD.framework",
				"${TARGET_BUILD_DIR}/${FRAMEWORKS_FOLDER_PATH}/Moya.framework",
				"${TARGET_BUILD_DIR}/${FRAMEWORKS_FOLDER_PATH}/ReactiveCocoa.framework",
				"${TARGET_BUILD_DIR}/${FRAMEWORKS_FOLDER_PATH}/ReactiveSwift.framework",
				"${TARGET_BUILD_DIR}/${FRAMEWORKS_FOLDER_PATH}/Result.framework",
				"${TARGET_BUILD_DIR}/${FRAMEWORKS_FOLDER_PATH}/SwiftKeychainWrapper.framework",
			);
			runOnlyForDeploymentPostprocessing = 0;
			shellPath = /bin/sh;
			shellScript = "\"${PODS_ROOT}/Target Support Files/Pods-Tasker/Pods-Tasker-frameworks.sh\"\n";
			showEnvVarsInLog = 0;
		};
/* End PBXShellScriptBuildPhase section */

/* Begin PBXSourcesBuildPhase section */
		04328A362228712E00A69F12 /* Sources */ = {
			isa = PBXSourcesBuildPhase;
			buildActionMask = 2147483647;
			files = (
				0400906A22287E3D00EE84B1 /* Config+Server.swift in Sources */,
				04328A3E2228712E00A69F12 /* AppDelegate.swift in Sources */,
				04009058222873F900EE84B1 /* LoginController.swift in Sources */,
				0400906122287A0700EE84B1 /* KeyboardBehavior.swift in Sources */,
				0400906C22287E7300EE84B1 /* Config+Flex.swift in Sources */,
				040090702228802A00EE84B1 /* BaseViewController.swift in Sources */,
				0400906722287CF800EE84B1 /* AuthService.swift in Sources */,
				0400905D222874F700EE84B1 /* LoginViewModel.swift in Sources */,
				0400906422287CD400EE84B1 /* NetworkProvider.swift in Sources */,
			);
			runOnlyForDeploymentPostprocessing = 0;
		};
/* End PBXSourcesBuildPhase section */

/* Begin PBXVariantGroup section */
		04328A462228712F00A69F12 /* LaunchScreen.storyboard */ = {
			isa = PBXVariantGroup;
			children = (
				04328A472228712F00A69F12 /* Base */,
			);
			name = LaunchScreen.storyboard;
			sourceTree = "<group>";
		};
/* End PBXVariantGroup section */

/* Begin XCBuildConfiguration section */
		04328A4A2228712F00A69F12 /* Debug */ = {
			isa = XCBuildConfiguration;
			buildSettings = {
				ALWAYS_SEARCH_USER_PATHS = NO;
				CLANG_ANALYZER_NONNULL = YES;
				CLANG_ANALYZER_NUMBER_OBJECT_CONVERSION = YES_AGGRESSIVE;
				CLANG_CXX_LANGUAGE_STANDARD = "gnu++14";
				CLANG_CXX_LIBRARY = "libc++";
				CLANG_ENABLE_MODULES = YES;
				CLANG_ENABLE_OBJC_ARC = YES;
				CLANG_ENABLE_OBJC_WEAK = YES;
				CLANG_WARN_BLOCK_CAPTURE_AUTORELEASING = YES;
				CLANG_WARN_BOOL_CONVERSION = YES;
				CLANG_WARN_COMMA = YES;
				CLANG_WARN_CONSTANT_CONVERSION = YES;
				CLANG_WARN_DEPRECATED_OBJC_IMPLEMENTATIONS = YES;
				CLANG_WARN_DIRECT_OBJC_ISA_USAGE = YES_ERROR;
				CLANG_WARN_DOCUMENTATION_COMMENTS = YES;
				CLANG_WARN_EMPTY_BODY = YES;
				CLANG_WARN_ENUM_CONVERSION = YES;
				CLANG_WARN_INFINITE_RECURSION = YES;
				CLANG_WARN_INT_CONVERSION = YES;
				CLANG_WARN_NON_LITERAL_NULL_CONVERSION = YES;
				CLANG_WARN_OBJC_IMPLICIT_RETAIN_SELF = YES;
				CLANG_WARN_OBJC_LITERAL_CONVERSION = YES;
				CLANG_WARN_OBJC_ROOT_CLASS = YES_ERROR;
				CLANG_WARN_RANGE_LOOP_ANALYSIS = YES;
				CLANG_WARN_STRICT_PROTOTYPES = YES;
				CLANG_WARN_SUSPICIOUS_MOVE = YES;
				CLANG_WARN_UNGUARDED_AVAILABILITY = YES_AGGRESSIVE;
				CLANG_WARN_UNREACHABLE_CODE = YES;
				CLANG_WARN__DUPLICATE_METHOD_MATCH = YES;
				CODE_SIGN_IDENTITY = "iPhone Developer";
				COPY_PHASE_STRIP = NO;
				DEBUG_INFORMATION_FORMAT = dwarf;
				ENABLE_STRICT_OBJC_MSGSEND = YES;
				ENABLE_TESTABILITY = YES;
				GCC_C_LANGUAGE_STANDARD = gnu11;
				GCC_DYNAMIC_NO_PIC = NO;
				GCC_NO_COMMON_BLOCKS = YES;
				GCC_OPTIMIZATION_LEVEL = 0;
				GCC_PREPROCESSOR_DEFINITIONS = (
					"DEBUG=1",
					"$(inherited)",
				);
				GCC_WARN_64_TO_32_BIT_CONVERSION = YES;
				GCC_WARN_ABOUT_RETURN_TYPE = YES_ERROR;
				GCC_WARN_UNDECLARED_SELECTOR = YES;
				GCC_WARN_UNINITIALIZED_AUTOS = YES_AGGRESSIVE;
				GCC_WARN_UNUSED_FUNCTION = YES;
				GCC_WARN_UNUSED_VARIABLE = YES;
				IPHONEOS_DEPLOYMENT_TARGET = 12.1;
				MTL_ENABLE_DEBUG_INFO = INCLUDE_SOURCE;
				MTL_FAST_MATH = YES;
				ONLY_ACTIVE_ARCH = YES;
				SDKROOT = iphoneos;
				SWIFT_ACTIVE_COMPILATION_CONDITIONS = DEBUG;
				SWIFT_OPTIMIZATION_LEVEL = "-Onone";
			};
			name = Debug;
		};
		04328A4B2228712F00A69F12 /* Release */ = {
			isa = XCBuildConfiguration;
			buildSettings = {
				ALWAYS_SEARCH_USER_PATHS = NO;
				CLANG_ANALYZER_NONNULL = YES;
				CLANG_ANALYZER_NUMBER_OBJECT_CONVERSION = YES_AGGRESSIVE;
				CLANG_CXX_LANGUAGE_STANDARD = "gnu++14";
				CLANG_CXX_LIBRARY = "libc++";
				CLANG_ENABLE_MODULES = YES;
				CLANG_ENABLE_OBJC_ARC = YES;
				CLANG_ENABLE_OBJC_WEAK = YES;
				CLANG_WARN_BLOCK_CAPTURE_AUTORELEASING = YES;
				CLANG_WARN_BOOL_CONVERSION = YES;
				CLANG_WARN_COMMA = YES;
				CLANG_WARN_CONSTANT_CONVERSION = YES;
				CLANG_WARN_DEPRECATED_OBJC_IMPLEMENTATIONS = YES;
				CLANG_WARN_DIRECT_OBJC_ISA_USAGE = YES_ERROR;
				CLANG_WARN_DOCUMENTATION_COMMENTS = YES;
				CLANG_WARN_EMPTY_BODY = YES;
				CLANG_WARN_ENUM_CONVERSION = YES;
				CLANG_WARN_INFINITE_RECURSION = YES;
				CLANG_WARN_INT_CONVERSION = YES;
				CLANG_WARN_NON_LITERAL_NULL_CONVERSION = YES;
				CLANG_WARN_OBJC_IMPLICIT_RETAIN_SELF = YES;
				CLANG_WARN_OBJC_LITERAL_CONVERSION = YES;
				CLANG_WARN_OBJC_ROOT_CLASS = YES_ERROR;
				CLANG_WARN_RANGE_LOOP_ANALYSIS = YES;
				CLANG_WARN_STRICT_PROTOTYPES = YES;
				CLANG_WARN_SUSPICIOUS_MOVE = YES;
				CLANG_WARN_UNGUARDED_AVAILABILITY = YES_AGGRESSIVE;
				CLANG_WARN_UNREACHABLE_CODE = YES;
				CLANG_WARN__DUPLICATE_METHOD_MATCH = YES;
				CODE_SIGN_IDENTITY = "iPhone Developer";
				COPY_PHASE_STRIP = NO;
				DEBUG_INFORMATION_FORMAT = "dwarf-with-dsym";
				ENABLE_NS_ASSERTIONS = NO;
				ENABLE_STRICT_OBJC_MSGSEND = YES;
				GCC_C_LANGUAGE_STANDARD = gnu11;
				GCC_NO_COMMON_BLOCKS = YES;
				GCC_WARN_64_TO_32_BIT_CONVERSION = YES;
				GCC_WARN_ABOUT_RETURN_TYPE = YES_ERROR;
				GCC_WARN_UNDECLARED_SELECTOR = YES;
				GCC_WARN_UNINITIALIZED_AUTOS = YES_AGGRESSIVE;
				GCC_WARN_UNUSED_FUNCTION = YES;
				GCC_WARN_UNUSED_VARIABLE = YES;
				IPHONEOS_DEPLOYMENT_TARGET = 12.1;
				MTL_ENABLE_DEBUG_INFO = NO;
				MTL_FAST_MATH = YES;
				SDKROOT = iphoneos;
				SWIFT_COMPILATION_MODE = wholemodule;
				SWIFT_OPTIMIZATION_LEVEL = "-O";
				VALIDATE_PRODUCT = YES;
			};
			name = Release;
		};
		04328A4D2228712F00A69F12 /* Debug */ = {
			isa = XCBuildConfiguration;
			baseConfigurationReference = 329AF9F6D104E284A55B153B /* Pods-Tasker.debug.xcconfig */;
			buildSettings = {
				ASSETCATALOG_COMPILER_APPICON_NAME = AppIcon;
				CODE_SIGN_STYLE = Manual;
				DEVELOPMENT_TEAM = "";
				INFOPLIST_FILE = Tasker/Info.plist;
				IPHONEOS_DEPLOYMENT_TARGET = 11.0;
				LD_RUNPATH_SEARCH_PATHS = (
					"$(inherited)",
					"@executable_path/Frameworks",
				);
				PRODUCT_BUNDLE_IDENTIFIER = com.mycompany.Tasker;
				PRODUCT_NAME = "$(TARGET_NAME)";
				PROVISIONING_PROFILE_SPECIFIER = "";
				SWIFT_VERSION = 4.2;
				TARGETED_DEVICE_FAMILY = 1;
			};
			name = Debug;
		};
		04328A4E2228712F00A69F12 /* Release */ = {
			isa = XCBuildConfiguration;
			baseConfigurationReference = 7C1D3BF4C2B117A005238BBB /* Pods-Tasker.release.xcconfig */;
			buildSettings = {
				ASSETCATALOG_COMPILER_APPICON_NAME = AppIcon;
				CODE_SIGN_STYLE = Manual;
				DEVELOPMENT_TEAM = "";
				INFOPLIST_FILE = Tasker/Info.plist;
				IPHONEOS_DEPLOYMENT_TARGET = 11.0;
				LD_RUNPATH_SEARCH_PATHS = (
					"$(inherited)",
					"@executable_path/Frameworks",
				);
				PRODUCT_BUNDLE_IDENTIFIER = com.mycompany.Tasker;
				PRODUCT_NAME = "$(TARGET_NAME)";
				PROVISIONING_PROFILE_SPECIFIER = "";
				SWIFT_VERSION = 4.2;
				TARGETED_DEVICE_FAMILY = 1;
			};
			name = Release;
		};
/* End XCBuildConfiguration section */

/* Begin XCConfigurationList section */
		04328A352228712E00A69F12 /* Build configuration list for PBXProject "Tasker" */ = {
			isa = XCConfigurationList;
			buildConfigurations = (
				04328A4A2228712F00A69F12 /* Debug */,
				04328A4B2228712F00A69F12 /* Release */,
			);
			defaultConfigurationIsVisible = 0;
			defaultConfigurationName = Release;
		};
		04328A4C2228712F00A69F12 /* Build configuration list for PBXNativeTarget "Tasker" */ = {
			isa = XCConfigurationList;
			buildConfigurations = (
				04328A4D2228712F00A69F12 /* Debug */,
				04328A4E2228712F00A69F12 /* Release */,
			);
			defaultConfigurationIsVisible = 0;
			defaultConfigurationName = Release;
		};
/* End XCConfigurationList section */
	};
	rootObject = 04328A322228712E00A69F12 /* Project object */;
}
